
Microsoft Visual Studio Solution File, Format Version 12.00
# Visual Studio Version 17
VisualStudioVersion = 17.8.34330.188
MinimumVisualStudioVersion = 10.0.40219.1
Project("{FAE04EC0-301F-11D3-BF4B-00C04F79EFBC}") = "server", "server.csproj", "{D3859BAD-350B-4069-BAD9-FC86D3387E31}"
EndProject
Global
	GlobalSection(SolutionConfigurationPlatforms) = preSolution
		Debug|Any CPU = Debug|Any CPU
		Release|Any CPU = Release|Any CPU
	EndGlobalSection
	GlobalSection(ProjectConfigurationPlatforms) = postSolution
		{D3859BAD-350B-4069-BAD9-FC86D3387E31}.Debug|Any CPU.ActiveCfg = Debug|Any CPU
		{D3859BAD-350B-4069-BAD9-FC86D3387E31}.Debug|Any CPU.Build.0 = Debug|Any CPU
		{D3859BAD-350B-4069-BAD9-FC86D3387E31}.Release|Any CPU.ActiveCfg = Release|Any CPU
		{D3859BAD-350B-4069-BAD9-FC86D3387E31}.Release|Any CPU.Build.0 = Release|Any CPU
	EndGlobalSection
	GlobalSection(SolutionProperties) = preSolution
		HideSolutionNode = FALSE
	EndGlobalSection
	GlobalSection(ExtensibilityGlobals) = postSolution
		SolutionGuid = {0A109A50-8176-47DB-A728-61E849FCBF52}
	EndGlobalSection
EndGlobal
